
Microsoft Visual Studio Solution File, Format Version 12.00
# Visual Studio Version 16
VisualStudioVersion = 16.0.34301.259
MinimumVisualStudioVersion = 10.0.40219.1
Project("{FAE04EC0-301F-11D3-BF4B-00C04F79EFBC}") = "CicloFOR_BF_5toB", "CicloFOR_BF_5toB.csproj", "{84A39CD7-1CFB-4415-BD0B-76051138384B}"
EndProject
Global
	GlobalSection(SolutionConfigurationPlatforms) = preSolution
		Debug|Any CPU = Debug|Any CPU
		Release|Any CPU = Release|Any CPU
	EndGlobalSection
	GlobalSection(ProjectConfigurationPlatforms) = postSolution
		{84A39CD7-1CFB-4415-BD0B-76051138384B}.Debug|Any CPU.ActiveCfg = Debug|Any CPU
		{84A39CD7-1CFB-4415-BD0B-76051138384B}.Debug|Any CPU.Build.0 = Debug|Any CPU
		{84A39CD7-1CFB-4415-BD0B-76051138384B}.Release|Any CPU.ActiveCfg = Release|Any CPU
		{84A39CD7-1CFB-4415-BD0B-76051138384B}.Release|Any CPU.Build.0 = Release|Any CPU
	EndGlobalSection
	GlobalSection(SolutionProperties) = preSolution
		HideSolutionNode = FALSE
	EndGlobalSection
	GlobalSection(ExtensibilityGlobals) = postSolution
		SolutionGuid = {0F608033-AF2C-4D2C-9385-23C5AF3625E0}
	EndGlobalSection
EndGlobal
